# THIS IS AN AUTOGENERATED FILE. DO NOT EDIT THIS FILE DIRECTLY.
# yarn lockfile v1


ng-jhipster@^0.1.12:
  version "0.1.12"
  resolved "https://registry.yarnpkg.com/ng-jhipster/-/ng-jhipster-0.1.12.tgz#22e2323baddb207a85b98443fd4842766cce6e81"
  dependencies:
    ng2-translate "4.2.0"

ng2-translate@4.2.0:
  version "4.2.0"
  resolved "https://registry.yarnpkg.com/ng2-translate/-/ng2-translate-4.2.0.tgz#83bc8feca329b5fc56a636e36073241c6280c659"
